# @generated by Move, please check-in and do not edit manually.

[move]
version = 3
manifest_digest = "D68611882DC6E32D3B2BA7C69EB94C091999F063BE87F2CDED4F28973B941039"
deps_digest = "F9B494B64F0615AED0E98FC12A85B85ECD2BC5185C22D30E7F67786BB52E507C"
dependencies = [
  { id = "Bridge", name = "Bridge" },
  { id = "MoveStdlib", name = "MoveStdlib" },
  { id = "Sui", name = "Sui" },
  { id = "SuiSystem", name = "SuiSystem" },
]

[[move.package]]
id = "Bridge"
source = { git = "https://github.com/MystenLabs/sui.git", rev = "e54b798790ed", subdir = "crates/sui-framework/packages/bridge" }

dependencies = [
  { id = "MoveStdlib", name = "MoveStdlib" },
  { id = "Sui", name = "Sui" },
  { id = "SuiSystem", name = "SuiSystem" },
]

[[move.package]]
id = "MoveStdlib"
source = { git = "https://github.com/MystenLabs/sui.git", rev = "e54b798790ed", subdir = "crates/sui-framework/packages/move-stdlib" }

[[move.package]]
id = "Sui"
source = { git = "https://github.com/MystenLabs/sui.git", rev = "e54b798790ed", subdir = "crates/sui-framework/packages/sui-framework" }

dependencies = [
  { id = "MoveStdlib", name = "MoveStdlib" },
]

[[move.package]]
id = "SuiSystem"
source = { git = "https://github.com/MystenLabs/sui.git", rev = "e54b798790ed", subdir = "crates/sui-framework/packages/sui-system" }

dependencies = [
  { id = "MoveStdlib", name = "MoveStdlib" },
  { id = "Sui", name = "Sui" },
]

[move.toolchain-version]
compiler-version = "1.48.0"
edition = "2024.beta"
flavor = "sui"

[env]

[env.localnet]
chain-id = "7eefc4e8"
original-published-id = "0x7320f52c1572f8625852cde832b5f2f42e4f240829b13d45cd6650b5fac7c085"
latest-published-id = "0x7320f52c1572f8625852cde832b5f2f42e4f240829b13d45cd6650b5fac7c085"
published-version = "1"

[env.testnet]
chain-id = "4c78adac"
original-published-id = "0x67564e0bf92fd1e4881a364f9331c55080ba4175f11061b190e25c34112e3ecf"
latest-published-id = "0x67564e0bf92fd1e4881a364f9331c55080ba4175f11061b190e25c34112e3ecf"
published-version = "1"
